<?xml version="1.0" encoding="utf-8"?>
<Project ToolsVersion="4.0" xmlns="http://schemas.microsoft.com/developer/msbuild/2003">
  <ItemGroup>
    <ClCompile Include="c02-big_num_add.cpp" />
    <ClCompile Include="c02-insert_sort.cpp" />
    <ClCompile Include="common.cpp" />
    <ClCompile Include="c02-merge_sort.cpp" />
    <ClCompile Include="c02-find_sum_using_sort.cpp" />
    <ClCompile Include="c02-find_sum_using_set.cpp" />
    <ClCompile Include="c04-find_max_subarray.cpp" />
    <ClCompile Include="c06-heap_sort.cpp" />
    <ClCompile Include="c06-priority_queue.cpp" />
  </ItemGroup>
  <ItemGroup>
    <ClInclude Include="common.h" />
  </ItemGroup>
</Project>